
Microsoft Visual Studio Solution File, Format Version 12.00
# Visual Studio 14
VisualStudioVersion = 14.0.25420.1
MinimumVisualStudioVersion = 10.0.40219.1
Project("{FAE04EC0-301F-11D3-BF4B-00C04F79EFBC}") = "SchedulingClients", "SchedulingClients\SchedulingClients.csproj", "{44C76564-FCEA-466C-B7A6-56747A99BADA}"
EndProject
Project("{FAE04EC0-301F-11D3-BF4B-00C04F79EFBC}") = "SchedulingClients.UserControls", "SchedulingClients.UserControls\SchedulingClients.UserControls.csproj", "{57E8C0BE-986B-4CD0-A8F8-634538EC7567}"
EndProject
Project("{FAE04EC0-301F-11D3-BF4B-00C04F79EFBC}") = "SchedulingClients.DemoClientApp", "SchedulingClients.DemoClientApp\SchedulingClients.DemoClientApp.csproj", "{0964EA44-2FF6-4650-A55A-B6B3E4B60EEE}"
EndProject
Project("{FAE04EC0-301F-11D3-BF4B-00C04F79EFBC}") = "SchedulingClients.Test", "SchedulingClients.Test\SchedulingClients.Test.csproj", "{B0CA7A61-9502-40CB-BA07-844BEC10A33D}"
EndProject
Global
	GlobalSection(SolutionConfigurationPlatforms) = preSolution
		Debug|x64 = Debug|x64
		Release|x64 = Release|x64
	EndGlobalSection
	GlobalSection(ProjectConfigurationPlatforms) = postSolution
		{44C76564-FCEA-466C-B7A6-56747A99BADA}.Debug|x64.ActiveCfg = Debug|x64
		{44C76564-FCEA-466C-B7A6-56747A99BADA}.Debug|x64.Build.0 = Debug|x64
		{44C76564-FCEA-466C-B7A6-56747A99BADA}.Release|x64.ActiveCfg = Release|x64
		{44C76564-FCEA-466C-B7A6-56747A99BADA}.Release|x64.Build.0 = Release|x64
		{57E8C0BE-986B-4CD0-A8F8-634538EC7567}.Debug|x64.ActiveCfg = Debug|x64
		{57E8C0BE-986B-4CD0-A8F8-634538EC7567}.Debug|x64.Build.0 = Debug|x64
		{57E8C0BE-986B-4CD0-A8F8-634538EC7567}.Release|x64.ActiveCfg = Release|x64
		{57E8C0BE-986B-4CD0-A8F8-634538EC7567}.Release|x64.Build.0 = Release|x64
		{0964EA44-2FF6-4650-A55A-B6B3E4B60EEE}.Debug|x64.ActiveCfg = Debug|x64
		{0964EA44-2FF6-4650-A55A-B6B3E4B60EEE}.Debug|x64.Build.0 = Debug|x64
		{0964EA44-2FF6-4650-A55A-B6B3E4B60EEE}.Release|x64.ActiveCfg = Release|x64
		{0964EA44-2FF6-4650-A55A-B6B3E4B60EEE}.Release|x64.Build.0 = Release|x64
		{B0CA7A61-9502-40CB-BA07-844BEC10A33D}.Debug|x64.ActiveCfg = Debug|x64
		{B0CA7A61-9502-40CB-BA07-844BEC10A33D}.Debug|x64.Build.0 = Debug|x64
		{B0CA7A61-9502-40CB-BA07-844BEC10A33D}.Release|x64.ActiveCfg = Release|x64
		{B0CA7A61-9502-40CB-BA07-844BEC10A33D}.Release|x64.Build.0 = Release|x64
	EndGlobalSection
	GlobalSection(SolutionProperties) = preSolution
		HideSolutionNode = FALSE
	EndGlobalSection
	GlobalSection(ExtensibilityGlobals) = postSolution
		SolutionGuid = {7A8A7633-5315-44BE-9F59-E8B26AFB6C4E}
	EndGlobalSection
EndGlobal
