
Microsoft Visual Studio Solution File, Format Version 12.00
# Visual Studio Version 16
VisualStudioVersion = 16.0.28803.156
MinimumVisualStudioVersion = 10.0.40219.1
Project("{FAE04EC0-301F-11D3-BF4B-00C04F79EFBC}") = "SchedulingClients.Core", "src\SchedulingClients.Core\SchedulingClients.Core.csproj", "{44C76564-FCEA-466C-B7A6-56747A99BADA}"
EndProject
Project("{FAE04EC0-301F-11D3-BF4B-00C04F79EFBC}") = "SchedulingClients.Core.Test", "tests\SchedulingClients.Core.Test\SchedulingClients.Core.Test.csproj", "{B0CA7A61-9502-40CB-BA07-844BEC10A33D}"
EndProject
Project("{FAE04EC0-301F-11D3-BF4B-00C04F79EFBC}") = "SchedulingClients.DemoApp", "tests\SchedulingClients.DemoApp\SchedulingClients.DemoApp.csproj", "{9B569289-5195-44BB-B7A7-0694C11C1B84}"
EndProject
Project("{FAE04EC0-301F-11D3-BF4B-00C04F79EFBC}") = "SchedulingClients.UI", "src\SchedulingClients.UI\SchedulingClients.UI.csproj", "{98FDE265-F5F7-416D-9B85-499A6DDF75E0}"
EndProject
Project("{FAE04EC0-301F-11D3-BF4B-00C04F79EFBC}") = "Tutorial 01", "tutorials\Tutorial 01\Tutorial 01.csproj", "{73EA04CD-143A-4129-8C8D-03DCF6D9F1FB}"
EndProject
Global
	GlobalSection(SolutionConfigurationPlatforms) = preSolution
		Debug|Any CPU = Debug|Any CPU
		Release|Any CPU = Release|Any CPU
	EndGlobalSection
	GlobalSection(ProjectConfigurationPlatforms) = postSolution
		{44C76564-FCEA-466C-B7A6-56747A99BADA}.Debug|Any CPU.ActiveCfg = Debug|Any CPU
		{44C76564-FCEA-466C-B7A6-56747A99BADA}.Debug|Any CPU.Build.0 = Debug|Any CPU
		{44C76564-FCEA-466C-B7A6-56747A99BADA}.Release|Any CPU.ActiveCfg = Release|Any CPU
		{44C76564-FCEA-466C-B7A6-56747A99BADA}.Release|Any CPU.Build.0 = Release|Any CPU
		{B0CA7A61-9502-40CB-BA07-844BEC10A33D}.Debug|Any CPU.ActiveCfg = Debug|Any CPU
		{B0CA7A61-9502-40CB-BA07-844BEC10A33D}.Debug|Any CPU.Build.0 = Debug|Any CPU
		{B0CA7A61-9502-40CB-BA07-844BEC10A33D}.Release|Any CPU.ActiveCfg = Release|Any CPU
		{B0CA7A61-9502-40CB-BA07-844BEC10A33D}.Release|Any CPU.Build.0 = Release|Any CPU
		{9B569289-5195-44BB-B7A7-0694C11C1B84}.Debug|Any CPU.ActiveCfg = Debug|Any CPU
		{9B569289-5195-44BB-B7A7-0694C11C1B84}.Debug|Any CPU.Build.0 = Debug|Any CPU
		{9B569289-5195-44BB-B7A7-0694C11C1B84}.Release|Any CPU.ActiveCfg = Release|Any CPU
		{9B569289-5195-44BB-B7A7-0694C11C1B84}.Release|Any CPU.Build.0 = Release|Any CPU
		{98FDE265-F5F7-416D-9B85-499A6DDF75E0}.Debug|Any CPU.ActiveCfg = Debug|Any CPU
		{98FDE265-F5F7-416D-9B85-499A6DDF75E0}.Debug|Any CPU.Build.0 = Debug|Any CPU
		{98FDE265-F5F7-416D-9B85-499A6DDF75E0}.Release|Any CPU.ActiveCfg = Release|Any CPU
		{98FDE265-F5F7-416D-9B85-499A6DDF75E0}.Release|Any CPU.Build.0 = Release|Any CPU
		{73EA04CD-143A-4129-8C8D-03DCF6D9F1FB}.Debug|Any CPU.ActiveCfg = Debug|Any CPU
		{73EA04CD-143A-4129-8C8D-03DCF6D9F1FB}.Debug|Any CPU.Build.0 = Debug|Any CPU
		{73EA04CD-143A-4129-8C8D-03DCF6D9F1FB}.Release|Any CPU.ActiveCfg = Release|Any CPU
		{73EA04CD-143A-4129-8C8D-03DCF6D9F1FB}.Release|Any CPU.Build.0 = Release|Any CPU
	EndGlobalSection
	GlobalSection(SolutionProperties) = preSolution
		HideSolutionNode = FALSE
	EndGlobalSection
	GlobalSection(ExtensibilityGlobals) = postSolution
		SolutionGuid = {7A8A7633-5315-44BE-9F59-E8B26AFB6C4E}
	EndGlobalSection
EndGlobal
